<?xml version="1.0" encoding="utf-8"?>
<Project ToolsVersion="4.0" xmlns="http://schemas.microsoft.com/developer/msbuild/2003">
  <ItemGroup>
    <Filter Include="Source Files">
      <UniqueIdentifier>{4FC737F1-C7A5-4376-A066-2A32D752A2FF}</UniqueIdentifier>
      <Extensions>cpp;c;cc;cxx;c++;cppm;ixx;def;odl;idl;hpj;bat;asm;asmx</Extensions>
    </Filter>
    <Filter Include="Header Files">
      <UniqueIdentifier>{93995380-89BD-4b04-88EB-625FBE52EBFB}</UniqueIdentifier>
      <Extensions>h;hh;hpp;hxx;h++;hm;inl;inc;ipp;xsd</Extensions>
    </Filter>
    <Filter Include="Resource Files">
      <UniqueIdentifier>{67DA6AB6-F800-4c08-8B7A-83BB121AAD01}</UniqueIdentifier>
      <Extensions>rc;ico;cur;bmp;dlg;rc2;rct;bin;rgs;gif;jpg;jpeg;jpe;resx;tiff;tif;png;wav;mfcribbon-ms</Extensions>
    </Filter>
  </ItemGroup>
  <ItemGroup>
    <ClCompile Include="Personal.cpp">
      <Filter>Source Files</Filter>
    </ClCompile>
    <ClCompile Include="Productos.cpp">
      <Filter>Source Files</Filter>
    </ClCompile>
    <ClCompile Include="Pedido.cpp">
      <Filter>Source Files</Filter>
    </ClCompile>
    <ClCompile Include="CompraEntrada.cpp">
      <Filter>Source Files</Filter>
    </ClCompile>
    <ClCompile Include="Pelicula.cpp">
      <Filter>Source Files</Filter>
    </ClCompile>
    <ClCompile Include="Cliente.cpp">
      <Filter>Source Files</Filter>
    </ClCompile>
    <ClCompile Include="Cine.cpp">
      <Filter>Source Files</Filter>
    </ClCompile>
    <ClCompile Include="Resena.cpp">
      <Filter>Source Files</Filter>
    </ClCompile>
    <ClCompile Include="Salas.cpp">
      <Filter>Source Files</Filter>
    </ClCompile>
    <ClCompile Include="Beneficios.cpp">
      <Filter>Source Files</Filter>
    </ClCompile>
    <ClCompile Include="Promociones.cpp">
      <Filter>Source Files</Filter>
    </ClCompile>
    <ClCompile Include="Reclamos.cpp">
      <Filter>Source Files</Filter>
    </ClCompile>
    <ClCompile Include="RespuestaReclamo.cpp">
      <Filter>Source Files</Filter>
    </ClCompile>
    <ClCompile Include="TipodeSocio.cpp">
      <Filter>Source Files</Filter>
    </ClCompile>
    <ClCompile Include="Proveedor.cpp">
      <Filter>Source Files</Filter>
    </ClCompile>
    <ClCompile Include="ProveedorCompra.cpp">
      <Filter>Source Files</Filter>
    </ClCompile>
    <ClCompile Include="DetallePedido.cpp">
      <Filter>Source Files</Filter>
    </ClCompile>
    <ClCompile Include="DetalleComprobante.cpp">
      <Filter>Source Files</Filter>
    </ClCompile>
    <ClCompile Include="Anuncio.cpp">
      <Filter>Source Files</Filter>
    </ClCompile>
    <ClCompile Include="ClienteEntrada.cpp">
      <Filter>Source Files</Filter>
    </ClCompile>
    <ClCompile Include="Distribuidor.cpp">
      <Filter>Source Files</Filter>
    </ClCompile>
    <ClCompile Include="EmpresaAnuncio.cpp">
      <Filter>Source Files</Filter>
    </ClCompile>
    <ClCompile Include="ButacaEntrada.cpp">
      <Filter>Source Files</Filter>
    </ClCompile>
    <ClCompile Include="Butacas.cpp">
      <Filter>Source Files</Filter>
    </ClCompile>
    <ClCompile Include="Comprobante.cpp">
      <Filter>Source Files</Filter>
    </ClCompile>
    <ClCompile Include="Propietario.cpp">
      <Filter>Source Files</Filter>
    </ClCompile>
    <ClCompile Include="Cartelera.cpp">
      <Filter>Source Files</Filter>
    </ClCompile>
    <ClCompile Include="HorarioAtencion.cpp">
      <Filter>Source Files</Filter>
    </ClCompile>
    <ClCompile Include="LugaresdeAtencion.cpp">
      <Filter>Source Files</Filter>
    </ClCompile>
    <ClCompile Include="NormasCine.cpp">
      <Filter>Source Files</Filter>
    </ClCompile>
    <ClCompile Include="Proyeccion.cpp">
      <Filter>Source Files</Filter>
    </ClCompile>
    <ClCompile Include="ButacasCliente.cpp">
      <Filter>Source Files</Filter>
    </ClCompile>
    <ClCompile Include="ProyeccionCliente.cpp">
      <Filter>Source Files</Filter>
    </ClCompile>
  </ItemGroup>
  <ItemGroup>
    <ClInclude Include="Personal.h">
      <Filter>Header Files</Filter>
    </ClInclude>
    <ClInclude Include="Productos.h">
      <Filter>Header Files</Filter>
    </ClInclude>
    <ClInclude Include="Pedido.h">
      <Filter>Header Files</Filter>
    </ClInclude>
    <ClInclude Include="CompraEntrada.h">
      <Filter>Header Files</Filter>
    </ClInclude>
    <ClInclude Include="Pelicula.h">
      <Filter>Header Files</Filter>
    </ClInclude>
    <ClInclude Include="Cliente.h">
      <Filter>Header Files</Filter>
    </ClInclude>
    <ClInclude Include="Cine.h">
      <Filter>Header Files</Filter>
    </ClInclude>
    <ClInclude Include="Resena.h">
      <Filter>Header Files</Filter>
    </ClInclude>
    <ClInclude Include="Salas.h">
      <Filter>Header Files</Filter>
    </ClInclude>
    <ClInclude Include="Beneficios.h">
      <Filter>Header Files</Filter>
    </ClInclude>
    <ClInclude Include="Promociones.h">
      <Filter>Header Files</Filter>
    </ClInclude>
    <ClInclude Include="Reclamos.h">
      <Filter>Header Files</Filter>
    </ClInclude>
    <ClInclude Include="RespuestaReclamo.h">
      <Filter>Header Files</Filter>
    </ClInclude>
    <ClInclude Include="TipodeSocio.h">
      <Filter>Header Files</Filter>
    </ClInclude>
    <ClInclude Include="Proveedor.h">
      <Filter>Header Files</Filter>
    </ClInclude>
    <ClInclude Include="ProveedorCompra.h">
      <Filter>Header Files</Filter>
    </ClInclude>
    <ClInclude Include="DetallePedido.h">
      <Filter>Header Files</Filter>
    </ClInclude>
    <ClInclude Include="DetalleComprobante.h">
      <Filter>Header Files</Filter>
    </ClInclude>
    <ClInclude Include="Anuncio.h">
      <Filter>Header Files</Filter>
    </ClInclude>
    <ClInclude Include="ClienteEntrada.h">
      <Filter>Header Files</Filter>
    </ClInclude>
    <ClInclude Include="Distribuidor.h">
      <Filter>Header Files</Filter>
    </ClInclude>
    <ClInclude Include="EmpresaAnuncio.h">
      <Filter>Header Files</Filter>
    </ClInclude>
    <ClInclude Include="ButacaEntrada.h">
      <Filter>Header Files</Filter>
    </ClInclude>
    <ClInclude Include="Butacas.h">
      <Filter>Header Files</Filter>
    </ClInclude>
    <ClInclude Include="Comprobante.h">
      <Filter>Header Files</Filter>
    </ClInclude>
    <ClInclude Include="Propietario.h">
      <Filter>Header Files</Filter>
    </ClInclude>
    <ClInclude Include="Cartelera.h">
      <Filter>Header Files</Filter>
    </ClInclude>
    <ClInclude Include="HorarioAtencion.h">
      <Filter>Header Files</Filter>
    </ClInclude>
    <ClInclude Include="LugaresdeAtencion.h">
      <Filter>Header Files</Filter>
    </ClInclude>
    <ClInclude Include="NormasCine.h">
      <Filter>Header Files</Filter>
    </ClInclude>
    <ClInclude Include="Proyeccion.h">
      <Filter>Header Files</Filter>
    </ClInclude>
    <ClInclude Include="ButacasCliente.h">
      <Filter>Header Files</Filter>
    </ClInclude>
    <ClInclude Include="ProyeccionCliente.h">
      <Filter>Header Files</Filter>
    </ClInclude>
  </ItemGroup>
</Project>